{
  "name": "workbox-expiration",
  "version": "6.6.0",
  "lockfileVersion": 3,
  "requires": true,
  "packages": {
    "": {
      "name": "workbox-expiration",
      "version": "6.6.0",
      "license": "MIT",
      "dependencies": {
        "idb": "^7.0.1",
        "workbox-core": "6.6.0"
      }
    },
    "node_modules/idb": {
      "version": "7.1.1",
      "resolved": "https://registry.npmjs.org/idb/-/idb-7.1.1.tgz",
      "integrity": "sha512-gchesWBzyvGHRO9W8tzUWFDycow5gwjvFKfyV9FF32Y7F50yZMp7mP+T2mJIWFx49zicqyC4uefHM17o6xKIVQ==",
      "license": "ISC"
    },
    "node_modules/workbox-core": {
      "version": "6.6.0",
      "resolved": "https://registry.npmjs.org/workbox-core/-/workbox-core-6.6.0.tgz",
      "integrity": "sha512-GDtFRF7Yg3DD859PMbPAYPeJyg5gJYXuBQAC+wyrWuuXgpfoOrIQIvFRZnQ7+czTIQjIr1DhLEGFzZanAT/3bQ==",
      "license": "MIT"
    }
  }
}
