{
  "name": "dom-converter",
  "version": "0.2.0",
  "lockfileVersion": 3,
  "requires": true,
  "packages": {
    "": {
      "name": "dom-converter",
      "version": "0.2.0",
      "license": "MIT",
      "dependencies": {
        "utila": "~0.4"
      },
      "devDependencies": {
        "chai": "^1.10.0",
        "chai-changes": "^1.3.4",
        "chai-fuzzy": "^1.4.0",
        "coffee-script": "^1.8.0",
        "jitter": "^1.3.0",
        "mocha": "^2.0.1",
        "mocha-pretty-spec-reporter": "0.1.0-beta.1",
        "sinon": "^1.12.2",
        "sinon-chai": "^2.6.0"
      }
    },
    "node_modules/assertion-error": {
      "version": "1.0.0",
      "resolved": "https://registry.npmjs.org/assertion-error/-/assertion-error-1.0.0.tgz",
      "integrity": "sha512-g/gZV+G476cnmtYI+Ko9d5khxSoCSoom/EaNmmCfwpOvBXEJ18qwFrxfP1/CsIqk2no1sAKKwxndV0tP7ROOFQ==",
      "dev": true,
      "license": "MIT",
      "engines": {
        "node": "*"
      }
    },
    "node_modules/available-typed-arrays": {
      "version": "1.0.7",
      "resolved": "https://registry.npmjs.org/available-typed-arrays/-/available-typed-arrays-1.0.7.tgz",
      "integrity": "sha512-wvUjBtSGN7+7SjNpq/9M2Tg350UZD3q62IFZLbRAR1bSMlCo1ZaeW+BJ+D090e4hIIZLBcTDWe4Mh4jvUDajzQ==",
      "dev": true,
      "license": "MIT",
      "dependencies": {
        "possible-typed-array-names": "^1.0.0"
      },
      "engines": {
        "node": ">= 0.4"
      },
      "funding": {
        "url": "https://github.com/sponsors/ljharb"
      }
    },
    "node_modules/call-bind": {
      "version": "1.0.8",
      "resolved": "https://registry.npmjs.org/call-bind/-/call-bind-1.0.8.tgz",
      "integrity": "sha512-oKlSFMcMwpUg2ednkhQ454wfWiU/ul3CkJe/PEHcTKuiX6RpbehUiFMXu13HalGZxfUwCQzZG747YXBn1im9ww==",
      "dev": true,
      "license": "MIT",
      "dependencies": {
        "call-bind-apply-helpers": "^1.0.0",
        "es-define-property": "^1.0.0",
        "get-intrinsic": "^1.2.4",
        "set-function-length": "^1.2.2"
      },
      "engines": {
        "node": ">= 0.4"
      },
      "funding": {
        "url": "https://github.com/sponsors/ljharb"
      }
    },
    "node_modules/call-bind-apply-helpers": {
      "version": "1.0.1",
      "resolved": "https://registry.npmjs.org/call-bind-apply-helpers/-/call-bind-apply-helpers-1.0.1.tgz",
      "integrity": "sha512-BhYE+WDaywFg2TBWYNXAE+8B1ATnThNBqXHP5nQu0jWJdVvY2hvkpyB3qOmtmDePiS5/BDQ8wASEWGMWRG148g==",
      "dev": true,
      "license": "MIT",
      "dependencies": {
        "es-errors": "^1.3.0",
        "function-bind": "^1.1.2"
      },
      "engines": {
        "node": ">= 0.4"
      }
    },
    "node_modules/call-bound": {
      "version": "1.0.3",
      "resolved": "https://registry.npmjs.org/call-bound/-/call-bound-1.0.3.tgz",
      "integrity": "sha512-YTd+6wGlNlPxSuri7Y6X8tY2dmm12UMH66RpKMhiX6rsk5wXXnYgbUcOt8kiS31/AjfoTOvCsE+w8nZQLQnzHA==",
      "dev": true,
      "license": "MIT",
      "dependencies": {
        "call-bind-apply-helpers": "^1.0.1",
        "get-intrinsic": "^1.2.6"
      },
      "engines": {
        "node": ">= 0.4"
      },
      "funding": {
        "url": "https://github.com/sponsors/ljharb"
      }
    },
    "node_modules/chai": {
      "version": "1.10.0",
      "resolved": "https://registry.npmjs.org/chai/-/chai-1.10.0.tgz",
      "integrity": "sha512-E3L9M2SeQU1XagJkE9KJyTAXXHKJkJ1EsKkFp0Rl53lYa3mro2PVgYHNiCb2YRa2nUeyg7aqmI1EIcSBayNd5w==",
      "dev": true,
      "license": "MIT",
      "dependencies": {
        "assertion-error": "1.0.0",
        "deep-eql": "0.1.3"
      },
      "engines": {
        "node": ">= 0.4.0"
      }
    },
    "node_modules/chai-changes": {
      "version": "1.3.6",
      "resolved": "https://registry.npmjs.org/chai-changes/-/chai-changes-1.3.6.tgz",
      "integrity": "sha512-Gs7uek1rS+N+XEijo7xFxIOW+LOkv11IDCVOg/RxvIpv03KnjIG0GvssBbaA8OAsI5LcJVCoftx3cKuishW7VQ==",
      "dev": true
    },
    "node_modules/chai-fuzzy": {
      "version": "1.6.1",
      "resolved": "https://registry.npmjs.org/chai-fuzzy/-/chai-fuzzy-1.6.1.tgz",
      "integrity": "sha512-m8vDyJcuuwL/e605ZxRbjPVPsGYdruIQAfpj/q2q/7ax3eaI96cKsYMf6RwjvAPPlcHDXWTvCnDWjFXniTy5FQ==",
      "dev": true,
      "license": "MIT",
      "dependencies": {
        "underscore": ">= 1.0.0"
      },
      "engines": {
        "npm": ">= 1.2"
      },
      "peerDependencies": {
        "chai": ">= 1.0.0"
      }
    },
    "node_modules/coffee-script": {
      "version": "1.12.7",
      "resolved": "https://registry.npmjs.org/coffee-script/-/coffee-script-1.12.7.tgz",
      "integrity": "sha512-fLeEhqwymYat/MpTPUjSKHVYYl0ec2mOyALEMLmzr5i1isuG+6jfI2j2d5oBO3VIzgUXgBVIcOT9uH1TFxBckw==",
      "deprecated": "CoffeeScript on NPM has moved to \"coffeescript\" (no hyphen)",
      "dev": true,
      "license": "MIT",
      "bin": {
        "cake": "bin/cake",
        "coffee": "bin/coffee"
      },
      "engines": {
        "node": ">=0.8.0"
      }
    },
    "node_modules/commander": {
      "version": "2.3.0",
      "resolved": "https://registry.npmjs.org/commander/-/commander-2.3.0.tgz",
      "integrity": "sha512-CD452fnk0jQyk3NfnK+KkR/hUPoHt5pVaKHogtyyv3N0U4QfAal9W0/rXLOg/vVZgQKa7jdtXypKs1YAip11uQ==",
      "dev": true,
      "engines": {
        "node": ">= 0.6.x"
      }
    },
    "node_modules/core-util-is": {
      "version": "1.0.3",
      "resolved": "https://registry.npmjs.org/core-util-is/-/core-util-is-1.0.3.tgz",
      "integrity": "sha512-ZQBvi1DcpJ4GDqanjucZ2Hj3wEO5pZDS89BWbkcrvdxksJorwUDDZamX9ldFkp9aw2lmBDLgkObEA4DWNJ9FYQ==",
      "dev": true,
      "license": "MIT"
    },
    "node_modules/CSSselect": {
      "version": "0.3.11",
      "resolved": "https://registry.npmjs.org/CSSselect/-/CSSselect-0.3.11.tgz",
      "integrity": "sha512-ORZwQ8O6Bp3DV25zkPSQKLQ60cqygnlVvSBhr23ET7n8Og+sgTuVq+3QfvBhQON4zwk9LBZ7FLrMD6hSvRMAbw==",
      "deprecated": "the module is now available as 'css-select'",
      "dev": true,
      "license": "BSD-like",
      "dependencies": {
        "CSSwhat": "0.4",
        "domutils": "1.2"
      }
    },
    "node_modules/CSSwhat": {
      "version": "0.4.7",
      "resolved": "https://registry.npmjs.org/CSSwhat/-/CSSwhat-0.4.7.tgz",
      "integrity": "sha512-bU5cYG02crjQGDN6wm8USThp/sr/MUulMTrVA1CENSBhv3B+mlJfYDP1em/wJlMT0aYcWso0cuT9NXW74yPfog==",
      "deprecated": "the module is now available as 'css-what'",
      "dev": true,
      "license": "BSD-like",
      "engines": {
        "node": "*"
      }
    },
    "node_modules/debug": {
      "version": "2.2.0",
      "resolved": "https://registry.npmjs.org/debug/-/debug-2.2.0.tgz",
      "integrity": "sha512-X0rGvJcskG1c3TgSCPqHJ0XJgwlcvOC7elJ5Y0hYuKBZoVqWpAMfLOeIh2UI/DCQ5ruodIjvsugZtjUYUw2pUw==",
      "dev": true,
      "license": "MIT",
      "dependencies": {
        "ms": "0.7.1"
      }
    },
    "node_modules/deep-eql": {
      "version": "0.1.3",
      "resolved": "https://registry.npmjs.org/deep-eql/-/deep-eql-0.1.3.tgz",
      "integrity": "sha512-6sEotTRGBFiNcqVoeHwnfopbSpi5NbH1VWJmYCVkmxMmaVTT0bUTrNaGyBwhgP4MZL012W/mkzIn3Da+iDYweg==",
      "dev": true,
      "license": "MIT",
      "dependencies": {
        "type-detect": "0.1.1"
      },
      "engines": {
        "node": "*"
      }
    },
    "node_modules/define-data-property": {
      "version": "1.1.4",
      "resolved": "https://registry.npmjs.org/define-data-property/-/define-data-property-1.1.4.tgz",
      "integrity": "sha512-rBMvIzlpA8v6E+SJZoo++HAYqsLrkg7MSfIinMPFhmkorw7X+dOXVJQs+QT69zGkzMyfDnIMN2Wid1+NbL3T+A==",
      "dev": true,
      "license": "MIT",
      "dependencies": {
        "es-define-property": "^1.0.0",
        "es-errors": "^1.3.0",
        "gopd": "^1.0.1"
      },
      "engines": {
        "node": ">= 0.4"
      },
      "funding": {
        "url": "https://github.com/sponsors/ljharb"
      }
    },
    "node_modules/diff": {
      "version": "1.4.0",
      "resolved": "https://registry.npmjs.org/diff/-/diff-1.4.0.tgz",
      "integrity": "sha512-VzVc42hMZbYU9Sx/ltb7KYuQ6pqAw+cbFWVy4XKdkuEL2CFaRLGEnISPs7YdzaUGpi+CpIqvRmu7hPQ4T7EQ5w==",
      "dev": true,
      "engines": {
        "node": ">=0.3.1"
      }
    },
    "node_modules/dom-converter": {
      "version": "0.1.4",
      "resolved": "https://registry.npmjs.org/dom-converter/-/dom-converter-0.1.4.tgz",
      "integrity": "sha512-I9NW33o3V92b9u0AAZQnn0Q422DhQfNPH4enTExENtXfroxVfVIEcdeJfNe41ROHye3+ZzkNIg2uvsFNE6U8ZA==",
      "dev": true,
      "license": "MIT",
      "dependencies": {
        "utila": "~0.3"
      }
    },
    "node_modules/dom-converter/node_modules/utila": {
      "version": "0.3.3",
      "resolved": "https://registry.npmjs.org/utila/-/utila-0.3.3.tgz",
      "integrity": "sha512-GuhEdYpNPM2Hn9fC78j9urwuXpPuUbBsB4Gw19Jd/RA/Q4x7kHmlY3xLwhzF9GxK6aIX5vojQmlfC7+5pthD9g==",
      "dev": true,
      "license": "MIT"
    },
    "node_modules/domelementtype": {
      "version": "1.3.1",
      "resolved": "https://registry.npmjs.org/domelementtype/-/domelementtype-1.3.1.tgz",
      "integrity": "sha512-BSKB+TSpMpFI/HOxCNr1O8aMOTZ8hT3pM3GQ0w/mWRmkhEDSFJkkyzz4XQsBV44BChwGkrDfMyjVD0eA2aFV3w==",
      "dev": true,
      "license": "BSD-2-Clause"
    },
    "node_modules/domhandler": {
      "version": "2.1.0",
      "resolved": "https://registry.npmjs.org/domhandler/-/domhandler-2.1.0.tgz",
      "integrity": "sha512-4Qr6GTzdsnKVGdYferZT3na5zkswztvfsoyprP/j2bLf1l3pUTamwYvNVldkEYFG6Ll+3eV5mVk0zgRr6iI+SA==",
      "dev": true,
      "dependencies": {
        "domelementtype": "1"
      }
    },
    "node_modules/domutils": {
      "version": "1.2.2",
      "resolved": "https://registry.npmjs.org/domutils/-/domutils-1.2.2.tgz",
      "integrity": "sha512-/qlLe5dzDgHdCl1t0OZYSoke4c+2JzSFENEvpemP8Ey2yaY4A1cVXRlcTy8/TtgPsmuOSFznnLawMOwfim6NYQ==",
      "dev": true,
      "dependencies": {
        "domelementtype": "1"
      }
    },
    "node_modules/dunder-proto": {
      "version": "1.0.1",
      "resolved": "https://registry.npmjs.org/dunder-proto/-/dunder-proto-1.0.1.tgz",
      "integrity": "sha512-KIN/nDJBQRcXw0MLVhZE9iQHmG68qAVIBg9CqmUYjmQIhgij9U5MFvrqkUL5FbtyyzZuOeOt0zdeRe4UY7ct+A==",
      "dev": true,
      "license": "MIT",
      "dependencies": {
        "call-bind-apply-helpers": "^1.0.1",
        "es-errors": "^1.3.0",
        "gopd": "^1.2.0"
      },
      "engines": {
        "node": ">= 0.4"
      }
    },
    "node_modules/es-define-property": {
      "version": "1.0.1",
      "resolved": "https://registry.npmjs.org/es-define-property/-/es-define-property-1.0.1.tgz",
      "integrity": "sha512-e3nRfgfUZ4rNGL232gUgX06QNyyez04KdjFrF+LTRoOXmrOgFKDg4BCdsjW8EnT69eqdYGmRpJwiPVYNrCaW3g==",
      "dev": true,
      "license": "MIT",
      "engines": {
        "node": ">= 0.4"
      }
    },
    "node_modules/es-errors": {
      "version": "1.3.0",
      "resolved": "https://registry.npmjs.org/es-errors/-/es-errors-1.3.0.tgz",
      "integrity": "sha512-Zf5H2Kxt2xjTvbJvP2ZWLEICxA6j+hAmMzIlypy4xcBg1vKVnx89Wy0GbS+kf5cwCVFFzdCFh2XSCFNULS6csw==",
      "dev": true,
      "license": "MIT",
      "engines": {
        "node": ">= 0.4"
      }
    },
    "node_modules/es-object-atoms": {
      "version": "1.1.1",
      "resolved": "https://registry.npmjs.org/es-object-atoms/-/es-object-atoms-1.1.1.tgz",
      "integrity": "sha512-FGgH2h8zKNim9ljj7dankFPcICIK9Cp5bm+c2gQSYePhpaG5+esrLODihIorn+Pe6FGJzWhXQotPv73jTaldXA==",
      "dev": true,
      "license": "MIT",
      "dependencies": {
        "es-errors": "^1.3.0"
      },
      "engines": {
        "node": ">= 0.4"
      }
    },
    "node_modules/escape-string-regexp": {
      "version": "1.0.2",
      "resolved": "https://registry.npmjs.org/escape-string-regexp/-/escape-string-regexp-1.0.2.tgz",
      "integrity": "sha512-cQpUid7bdTUnFin8S7BnNdOk+/eDqQmKgCANSyd/jAhrKEvxUvr9VQ8XZzXiOtest8NLfk3FSBZzwvemZNQ6Vg==",
      "dev": true,
      "license": "MIT",
      "engines": {
        "node": ">=0.8.0"
      }
    },
    "node_modules/for-each": {
      "version": "0.3.3",
      "resolved": "https://registry.npmjs.org/for-each/-/for-each-0.3.3.tgz",
      "integrity": "sha512-jqYfLp7mo9vIyQf8ykW2v7A+2N4QjeCeI5+Dz9XraiO1ign81wjiH7Fb9vSOWvQfNtmSa4H2RoQTrrXivdUZmw==",
      "dev": true,
      "license": "MIT",
      "dependencies": {
        "is-callable": "^1.1.3"
      }
    },
    "node_modules/formatio": {
      "version": "1.1.1",
      "resolved": "https://registry.npmjs.org/formatio/-/formatio-1.1.1.tgz",
      "integrity": "sha512-cPh7is6k3d8tIUh+pnXXuAbD/uhSXGgqLPw0UrYpv5lfdJ+MMMSjx40JNpqP7Top9Nt25YomWEiRmkHbOvkCaA==",
      "deprecated": "This package is unmaintained. Use @sinonjs/formatio instead",
      "dev": true,
      "dependencies": {
        "samsam": "~1.1"
      }
    },
    "node_modules/function-bind": {
      "version": "1.1.2",
      "resolved": "https://registry.npmjs.org/function-bind/-/function-bind-1.1.2.tgz",
      "integrity": "sha512-7XHNxH7qX9xG5mIwxkhumTox/MIRNcOgDrxWsMt2pAr23WHp6MrRlN7FBSFpCpr+oVO0F744iUgR82nJMfG2SA==",
      "dev": true,
      "license": "MIT",
      "funding": {
        "url": "https://github.com/sponsors/ljharb"
      }
    },
    "node_modules/get-intrinsic": {
      "version": "1.2.7",
      "resolved": "https://registry.npmjs.org/get-intrinsic/-/get-intrinsic-1.2.7.tgz",
      "integrity": "sha512-VW6Pxhsrk0KAOqs3WEd0klDiF/+V7gQOpAvY1jVU/LHmaD/kQO4523aiJuikX/QAKYiW6x8Jh+RJej1almdtCA==",
      "dev": true,
      "license": "MIT",
      "dependencies": {
        "call-bind-apply-helpers": "^1.0.1",
        "es-define-property": "^1.0.1",
        "es-errors": "^1.3.0",
        "es-object-atoms": "^1.0.0",
        "function-bind": "^1.1.2",
        "get-proto": "^1.0.0",
        "gopd": "^1.2.0",
        "has-symbols": "^1.1.0",
        "hasown": "^2.0.2",
        "math-intrinsics": "^1.1.0"
      },
      "engines": {
        "node": ">= 0.4"
      },
      "funding": {
        "url": "https://github.com/sponsors/ljharb"
      }
    },
    "node_modules/get-proto": {
      "version": "1.0.1",
      "resolved": "https://registry.npmjs.org/get-proto/-/get-proto-1.0.1.tgz",
      "integrity": "sha512-sTSfBjoXBp89JvIKIefqw7U2CCebsc74kiY6awiGogKtoSGbgjYE/G/+l9sF3MWFPNc9IcoOC4ODfKHfxFmp0g==",
      "dev": true,
      "license": "MIT",
      "dependencies": {
        "dunder-proto": "^1.0.1",
        "es-object-atoms": "^1.0.0"
      },
      "engines": {
        "node": ">= 0.4"
      }
    },
    "node_modules/glob": {
      "version": "3.2.11",
      "resolved": "https://registry.npmjs.org/glob/-/glob-3.2.11.tgz",
      "integrity": "sha512-hVb0zwEZwC1FXSKRPFTeOtN7AArJcJlI6ULGLtrstaswKNlrTJqAA+1lYlSUop4vjA423xlBzqfVS3iWGlqJ+g==",
      "deprecated": "Glob versions prior to v9 are no longer supported",
      "dev": true,
      "license": "BSD",
      "dependencies": {
        "inherits": "2",
        "minimatch": "0.3"
      },
      "engines": {
        "node": "*"
      }
    },
    "node_modules/gopd": {
      "version": "1.2.0",
      "resolved": "https://registry.npmjs.org/gopd/-/gopd-1.2.0.tgz",
      "integrity": "sha512-ZUKRh6/kUFoAiTAtTYPZJ3hw9wNxx+BIBOijnlG9PnrJsCcSjs1wyyD6vJpaYtgnzDrKYRSqf3OO6Rfa93xsRg==",
      "dev": true,
      "license": "MIT",
      "engines": {
        "node": ">= 0.4"
      },
      "funding": {
        "url": "https://github.com/sponsors/ljharb"
      }
    },
    "node_modules/growl": {
      "version": "1.9.2",
      "resolved": "https://registry.npmjs.org/growl/-/growl-1.9.2.tgz",
      "integrity": "sha512-RTBwDHhNuOx4F0hqzItc/siXCasGfC4DeWcBamclWd+6jWtBaeB/SGbMkGf0eiQoW7ib8JpvOgnUsmgMHI3Mfw==",
      "dev": true,
      "license": "MIT"
    },
    "node_modules/has-property-descriptors": {
      "version": "1.0.2",
      "resolved": "https://registry.npmjs.org/has-property-descriptors/-/has-property-descriptors-1.0.2.tgz",
      "integrity": "sha512-55JNKuIW+vq4Ke1BjOTjM2YctQIvCT7GFzHwmfZPGo5wnrgkid0YQtnAleFSqumZm4az3n2BS+erby5ipJdgrg==",
      "dev": true,
      "license": "MIT",
      "dependencies": {
        "es-define-property": "^1.0.0"
      },
      "funding": {
        "url": "https://github.com/sponsors/ljharb"
      }
    },
    "node_modules/has-symbols": {
      "version": "1.1.0",
      "resolved": "https://registry.npmjs.org/has-symbols/-/has-symbols-1.1.0.tgz",
      "integrity": "sha512-1cDNdwJ2Jaohmb3sg4OmKaMBwuC48sYni5HUw2DvsC8LjGTLK9h+eb1X6RyuOHe4hT0ULCW68iomhjUoKUqlPQ==",
      "dev": true,
      "license": "MIT",
      "engines": {
        "node": ">= 0.4"
      },
      "funding": {
        "url": "https://github.com/sponsors/ljharb"
      }
    },
    "node_modules/has-tostringtag": {
      "version": "1.0.2",
      "resolved": "https://registry.npmjs.org/has-tostringtag/-/has-tostringtag-1.0.2.tgz",
      "integrity": "sha512-NqADB8VjPFLM2V0VvHUewwwsw0ZWBaIdgo+ieHtK3hasLz4qeCRjYcqfB6AQrBggRKppKF8L52/VqdVsO47Dlw==",
      "dev": true,
      "license": "MIT",
      "dependencies": {
        "has-symbols": "^1.0.3"
      },
      "engines": {
        "node": ">= 0.4"
      },
      "funding": {
        "url": "https://github.com/sponsors/ljharb"
      }
    },
    "node_modules/hasown": {
      "version": "2.0.2",
      "resolved": "https://registry.npmjs.org/hasown/-/hasown-2.0.2.tgz",
      "integrity": "sha512-0hJU9SCPvmMzIBdZFqNPXWa6dqh7WdH0cII9y+CyS8rG3nL48Bclra9HmKhVVUHyPWNH5Y7xDwAB7bfgSjkUMQ==",
      "dev": true,
      "license": "MIT",
      "dependencies": {
        "function-bind": "^1.1.2"
      },
      "engines": {
        "node": ">= 0.4"
      }
    },
    "node_modules/htmlparser2": {
      "version": "3.3.0",
      "resolved": "https://registry.npmjs.org/htmlparser2/-/htmlparser2-3.3.0.tgz",
      "integrity": "sha512-Z8i63n7seuPvRe1PQyrjmoVStv7bjMa0skrOl/k6tnT/5WpPNrzWLB1Hg/dJxBXH/M6KZvm25JQGVCiQGxURLQ==",
      "dev": true,
      "dependencies": {
        "domelementtype": "1",
        "domhandler": "2.1",
        "domutils": "1.1",
        "readable-stream": "1.0"
      }
    },
    "node_modules/htmlparser2/node_modules/domutils": {
      "version": "1.1.6",
      "resolved": "https://registry.npmjs.org/domutils/-/domutils-1.1.6.tgz",
      "integrity": "sha512-ZeagMzMKyk9GSFMqV3x3uHgRN36hLpSOF6LIRXmftce0UUqFsAx/azJAJ4Jc+9DYKmwROH5HLOcOu1OPARWwNg==",
      "dev": true,
      "dependencies": {
        "domelementtype": "1"
      }
    },
    "node_modules/inherits": {
      "version": "2.0.4",
      "resolved": "https://registry.npmjs.org/inherits/-/inherits-2.0.4.tgz",
      "integrity": "sha512-k/vGaX4/Yla3WzyMCvTQOXYeIHvqOKtnqBduzTHpzpQZzAskKMhZ2K+EnBiSM9zGSoIFeMpXKxa4dYeZIQqewQ==",
      "dev": true,
      "license": "ISC"
    },
    "node_modules/is-arguments": {
      "version": "1.2.0",
      "resolved": "https://registry.npmjs.org/is-arguments/-/is-arguments-1.2.0.tgz",
      "integrity": "sha512-7bVbi0huj/wrIAOzb8U1aszg9kdi3KN/CyU19CTI7tAoZYEZoL9yCDXpbXN+uPsuWnP02cyug1gleqq+TU+YCA==",
      "dev": true,
      "license": "MIT",
      "dependencies": {
        "call-bound": "^1.0.2",
        "has-tostringtag": "^1.0.2"
      },
      "engines": {
        "node": ">= 0.4"
      },
      "funding": {
        "url": "https://github.com/sponsors/ljharb"
      }
    },
    "node_modules/is-callable": {
      "version": "1.2.7",
      "resolved": "https://registry.npmjs.org/is-callable/-/is-callable-1.2.7.tgz",
      "integrity": "sha512-1BC0BVFhS/p0qtw6enp8e+8OD0UrK0oFLztSjNzhcKA3WDuJxxAPXzPuPtKkjEY9UUoEWlX/8fgKeu2S8i9JTA==",
      "dev": true,
      "license": "MIT",
      "engines": {
        "node": ">= 0.4"
      },
      "funding": {
        "url": "https://github.com/sponsors/ljharb"
      }
    },
    "node_modules/is-generator-function": {
      "version": "1.1.0",
      "resolved": "https://registry.npmjs.org/is-generator-function/-/is-generator-function-1.1.0.tgz",
      "integrity": "sha512-nPUB5km40q9e8UfN/Zc24eLlzdSf9OfKByBw9CIdw4H1giPMeA0OIJvbchsCu4npfI2QcMVBsGEBHKZ7wLTWmQ==",
      "dev": true,
      "license": "MIT",
      "dependencies": {
        "call-bound": "^1.0.3",
        "get-proto": "^1.0.0",
        "has-tostringtag": "^1.0.2",
        "safe-regex-test": "^1.1.0"
      },
      "engines": {
        "node": ">= 0.4"
      },
      "funding": {
        "url": "https://github.com/sponsors/ljharb"
      }
    },
    "node_modules/is-regex": {
      "version": "1.2.1",
      "resolved": "https://registry.npmjs.org/is-regex/-/is-regex-1.2.1.tgz",
      "integrity": "sha512-MjYsKHO5O7mCsmRGxWcLWheFqN9DJ/2TmngvjKXihe6efViPqc274+Fx/4fYj/r03+ESvBdTXK0V6tA3rgez1g==",
      "dev": true,
      "license": "MIT",
      "dependencies": {
        "call-bound": "^1.0.2",
        "gopd": "^1.2.0",
        "has-tostringtag": "^1.0.2",
        "hasown": "^2.0.2"
      },
      "engines": {
        "node": ">= 0.4"
      },
      "funding": {
        "url": "https://github.com/sponsors/ljharb"
      }
    },
    "node_modules/is-typed-array": {
      "version": "1.1.15",
      "resolved": "https://registry.npmjs.org/is-typed-array/-/is-typed-array-1.1.15.tgz",
      "integrity": "sha512-p3EcsicXjit7SaskXHs1hA91QxgTw46Fv6EFKKGS5DRFLD8yKnohjF3hxoju94b/OcMZoQukzpPpBE9uLVKzgQ==",
      "dev": true,
      "license": "MIT",
      "dependencies": {
        "which-typed-array": "^1.1.16"
      },
      "engines": {
        "node": ">= 0.4"
      },
      "funding": {
        "url": "https://github.com/sponsors/ljharb"
      }
    },
    "node_modules/isarray": {
      "version": "0.0.1",
      "resolved": "https://registry.npmjs.org/isarray/-/isarray-0.0.1.tgz",
      "integrity": "sha512-D2S+3GLxWH+uhrNEcoh/fnmYeP8E8/zHl644d/jdA0g2uyXvy3sb0qxotE+ne0LtccHknQzWwZEzhak7oJ0COQ==",
      "dev": true,
      "license": "MIT"
    },
    "node_modules/jade": {
      "version": "0.26.3",
      "resolved": "https://registry.npmjs.org/jade/-/jade-0.26.3.tgz",
      "integrity": "sha512-mkk3vzUHFjzKjpCXeu+IjXeZD+QOTjUUdubgmHtHTDwvAO2ZTkMTTVrapts5CWz3JvJryh/4KWZpjeZrCepZ3A==",
      "deprecated": "Jade has been renamed to pug, please install the latest version of pug instead of jade",
      "dev": true,
      "dependencies": {
        "commander": "0.6.1",
        "mkdirp": "0.3.0"
      },
      "bin": {
        "jade": "bin/jade"
      }
    },
    "node_modules/jade/node_modules/commander": {
      "version": "0.6.1",
      "resolved": "https://registry.npmjs.org/commander/-/commander-0.6.1.tgz",
      "integrity": "sha512-0fLycpl1UMTGX257hRsu/arL/cUbcvQM4zMKwvLvzXtfdezIV4yotPS2dYtknF+NmEfWSoCEF6+hj9XLm/6hEw==",
      "dev": true,
      "engines": {
        "node": ">= 0.4.x"
      }
    },
    "node_modules/jade/node_modules/mkdirp": {
      "version": "0.3.0",
      "resolved": "https://registry.npmjs.org/mkdirp/-/mkdirp-0.3.0.tgz",
      "integrity": "sha512-OHsdUcVAQ6pOtg5JYWpCBo9W/GySVuwvP9hueRMW7UqshC0tbfzLv8wjySTPm3tfUZ/21CE9E1pJagOA91Pxew==",
      "deprecated": "Legacy versions of mkdirp are no longer supported. Please update to mkdirp 1.x. (Note that the API surface has changed to use Promises in 1.x.)",
      "dev": true,
      "license": "MIT/X11",
      "engines": {
        "node": "*"
      }
    },
    "node_modules/jitter": {
      "version": "1.3.0",
      "resolved": "https://registry.npmjs.org/jitter/-/jitter-1.3.0.tgz",
      "integrity": "sha512-rTTenoDEfLzQiUy/6w5pcz8k+dxlaUNzTCgxfDvBC41NV5+Oh0ctLnyBAtgYNUH5UE1Yv1Er8feh3b1Th2znNQ==",
      "deprecated": "Package no longer supported. Contact Support at https://www.npmjs.com/support for more info.",
      "dev": true,
      "dependencies": {
        "coffee-script": ">= 1.1.0",
        "sink": "0.1.1 - 0.2.99"
      },
      "bin": {
        "jitter": "bin/jitter"
      },
      "engines": {
        "coffee-script": ">=1.1.0",
        "node": ">=0.4.0"
      }
    },
    "node_modules/lolex": {
      "version": "1.3.2",
      "resolved": "https://registry.npmjs.org/lolex/-/lolex-1.3.2.tgz",
      "integrity": "sha512-YYp8cqz7/8eruZ15L1mzcPkvLYxipfdsWIDESvNdNmQP9o7TsDitRhNuV2xb7aFu2ofZngao1jiVrVZ842x4BQ==",
      "dev": true,
      "license": "BSD-3-Clause"
    },
    "node_modules/lru-cache": {
      "version": "2.7.3",
      "resolved": "https://registry.npmjs.org/lru-cache/-/lru-cache-2.7.3.tgz",
      "integrity": "sha512-WpibWJ60c3AgAz8a2iYErDrcT2C7OmKnsWhIcHOjkUHFjkXncJhtLxNSqUmxRxRunpb5I8Vprd7aNSd2NtksJQ==",
      "dev": true,
      "license": "ISC"
    },
    "node_modules/math-intrinsics": {
      "version": "1.1.0",
      "resolved": "https://registry.npmjs.org/math-intrinsics/-/math-intrinsics-1.1.0.tgz",
      "integrity": "sha512-/IXtbwEk5HTPyEwyKX6hGkYXxM9nbj64B+ilVJnC/R6B0pH5G4V3b0pVbL7DBj4tkhBAppbQUlf6F6Xl9LHu1g==",
      "dev": true,
      "license": "MIT",
      "engines": {
        "node": ">= 0.4"
      }
    },
    "node_modules/minimatch": {
      "version": "0.3.0",
      "resolved": "https://registry.npmjs.org/minimatch/-/minimatch-0.3.0.tgz",
      "integrity": "sha512-WFX1jI1AaxNTZVOHLBVazwTWKaQjoykSzCBNXB72vDTCzopQGtyP91tKdFK5cv1+qMwPyiTu1HqUriqplI8pcA==",
      "deprecated": "Please update to minimatch 3.0.2 or higher to avoid a RegExp DoS issue",
      "dev": true,
      "license": "MIT",
      "dependencies": {
        "lru-cache": "2",
        "sigmund": "~1.0.0"
      },
      "engines": {
        "node": "*"
      }
    },
    "node_modules/minimist": {
      "version": "0.0.8",
      "resolved": "https://registry.npmjs.org/minimist/-/minimist-0.0.8.tgz",
      "integrity": "sha512-miQKw5Hv4NS1Psg2517mV4e4dYNaO3++hjAvLOAzKqZ61rH8NS1SK+vbfBWZ5PY/Me/bEWhUwqMghEW5Fb9T7Q==",
      "dev": true,
      "license": "MIT"
    },
    "node_modules/mkdirp": {
      "version": "0.5.1",
      "resolved": "https://registry.npmjs.org/mkdirp/-/mkdirp-0.5.1.tgz",
      "integrity": "sha512-SknJC52obPfGQPnjIkXbmA6+5H15E+fR+E4iR2oQ3zzCLbd7/ONua69R/Gw7AgkTLsRG+r5fzksYwWe1AgTyWA==",
      "deprecated": "Legacy versions of mkdirp are no longer supported. Please update to mkdirp 1.x. (Note that the API surface has changed to use Promises in 1.x.)",
      "dev": true,
      "license": "MIT",
      "dependencies": {
        "minimist": "0.0.8"
      },
      "bin": {
        "mkdirp": "bin/cmd.js"
      }
    },
    "node_modules/mocha": {
      "version": "2.5.3",
      "resolved": "https://registry.npmjs.org/mocha/-/mocha-2.5.3.tgz",
      "integrity": "sha512-jNt2iEk9FPmZLzL+sm4FNyOIDYXf2wUU6L4Cc8OIKK/kzgMHKPi4YhTZqG4bW4kQVdIv6wutDybRhXfdnujA1Q==",
      "dev": true,
      "license": "MIT",
      "dependencies": {
        "commander": "2.3.0",
        "debug": "2.2.0",
        "diff": "1.4.0",
        "escape-string-regexp": "1.0.2",
        "glob": "3.2.11",
        "growl": "1.9.2",
        "jade": "0.26.3",
        "mkdirp": "0.5.1",
        "supports-color": "1.2.0",
        "to-iso-string": "0.0.2"
      },
      "bin": {
        "_mocha": "bin/_mocha",
        "mocha": "bin/mocha"
      },
      "engines": {
        "node": ">= 0.8.x"
      }
    },
    "node_modules/mocha-pretty-spec-reporter": {
      "version": "0.1.0-beta.1",
      "resolved": "https://registry.npmjs.org/mocha-pretty-spec-reporter/-/mocha-pretty-spec-reporter-0.1.0-beta.1.tgz",
      "integrity": "sha512-6bVvy2FwPlZScKzxN6TpKYUqPA/dSL1UIPd1p7T2pWt1D0HeIjK1TUD7xZLmQlFi35UI76uYwqk5zg3CZPrF0A==",
      "dev": true,
      "license": "MIT",
      "dependencies": {
        "diff": "^1.0.7",
        "pretty-error": "~1.1.1"
      }
    },
    "node_modules/ms": {
      "version": "0.7.1",
      "resolved": "https://registry.npmjs.org/ms/-/ms-0.7.1.tgz",
      "integrity": "sha512-lRLiIR9fSNpnP6TC4v8+4OU7oStC01esuNowdQ34L+Gk8e5Puoc88IqJ+XAY/B3Mn2ZKis8l8HX90oU8ivzUHg==",
      "dev": true
    },
    "node_modules/possible-typed-array-names": {
      "version": "1.0.0",
      "resolved": "https://registry.npmjs.org/possible-typed-array-names/-/possible-typed-array-names-1.0.0.tgz",
      "integrity": "sha512-d7Uw+eZoloe0EHDIYoe+bQ5WXnGMOpmiZFTuMWCwpjzzkL2nTjcKiAk4hh8TjnGye2TwWOk3UXucZ+3rbmBa8Q==",
      "dev": true,
      "license": "MIT",
      "engines": {
        "node": ">= 0.4"
      }
    },
    "node_modules/pretty-error": {
      "version": "1.1.2",
      "resolved": "https://registry.npmjs.org/pretty-error/-/pretty-error-1.1.2.tgz",
      "integrity": "sha512-Ct3fMJqExCimPW8FdoBMvQbK2xkeDhQkH+hg+ulpBPA65uOlv+scLTtBaSMnsW3KrhDvn6oESDL5zxoLxB5mXQ==",
      "dev": true,
      "license": "MIT",
      "dependencies": {
        "renderkid": "~0.2.0",
        "utila": "~0.4"
      }
    },
    "node_modules/readable-stream": {
      "version": "1.0.34",
      "resolved": "https://registry.npmjs.org/readable-stream/-/readable-stream-1.0.34.tgz",
      "integrity": "sha512-ok1qVCJuRkNmvebYikljxJA/UEsKwLl2nI1OmaqAu4/UE+h0wKCHok4XkL/gvi39OacXvw59RJUOFUkDib2rHg==",
      "dev": true,
      "license": "MIT",
      "dependencies": {
        "core-util-is": "~1.0.0",
        "inherits": "~2.0.1",
        "isarray": "0.0.1",
        "string_decoder": "~0.10.x"
      }
    },
    "node_modules/renderkid": {
      "version": "0.2.1",
      "resolved": "https://registry.npmjs.org/renderkid/-/renderkid-0.2.1.tgz",
      "integrity": "sha512-HLMa6FXP0FTGbdW4Eu1EP5bSirB3ahm/BBAseAymJb3uGR1qv1Aezdco4YQClzVNdkUJe+JPDsBJYRQ/x7EFiA==",
      "dev": true,
      "license": "MIT",
      "dependencies": {
        "CSSselect": "~0.3.11",
        "dom-converter": "~0.1",
        "htmlparser2": "~3.3.0",
        "utila": "~0.3"
      }
    },
    "node_modules/renderkid/node_modules/utila": {
      "version": "0.3.3",
      "resolved": "https://registry.npmjs.org/utila/-/utila-0.3.3.tgz",
      "integrity": "sha512-GuhEdYpNPM2Hn9fC78j9urwuXpPuUbBsB4Gw19Jd/RA/Q4x7kHmlY3xLwhzF9GxK6aIX5vojQmlfC7+5pthD9g==",
      "dev": true,
      "license": "MIT"
    },
    "node_modules/safe-regex-test": {
      "version": "1.1.0",
      "resolved": "https://registry.npmjs.org/safe-regex-test/-/safe-regex-test-1.1.0.tgz",
      "integrity": "sha512-x/+Cz4YrimQxQccJf5mKEbIa1NzeCRNI5Ecl/ekmlYaampdNLPalVyIcCZNNH3MvmqBugV5TMYZXv0ljslUlaw==",
      "dev": true,
      "license": "MIT",
      "dependencies": {
        "call-bound": "^1.0.2",
        "es-errors": "^1.3.0",
        "is-regex": "^1.2.1"
      },
      "engines": {
        "node": ">= 0.4"
      },
      "funding": {
        "url": "https://github.com/sponsors/ljharb"
      }
    },
    "node_modules/samsam": {
      "version": "1.1.2",
      "resolved": "https://registry.npmjs.org/samsam/-/samsam-1.1.2.tgz",
      "integrity": "sha512-iVL7LibpM3tl4rQPweOXXrmjGegxx27flTOjQEZD3PXe4oZNFzuz6Si4mgleK/JWU/hyCvtV01RUovjvBEpDmw==",
      "deprecated": "This package has been deprecated in favour of @sinonjs/samsam",
      "dev": true
    },
    "node_modules/set-function-length": {
      "version": "1.2.2",
      "resolved": "https://registry.npmjs.org/set-function-length/-/set-function-length-1.2.2.tgz",
      "integrity": "sha512-pgRc4hJ4/sNjWCSS9AmnS40x3bNMDTknHgL5UaMBTMyJnU90EgWh1Rz+MC9eFu4BuN/UwZjKQuY/1v3rM7HMfg==",
      "dev": true,
      "license": "MIT",
      "dependencies": {
        "define-data-property": "^1.1.4",
        "es-errors": "^1.3.0",
        "function-bind": "^1.1.2",
        "get-intrinsic": "^1.2.4",
        "gopd": "^1.0.1",
        "has-property-descriptors": "^1.0.2"
      },
      "engines": {
        "node": ">= 0.4"
      }
    },
    "node_modules/sigmund": {
      "version": "1.0.1",
      "resolved": "https://registry.npmjs.org/sigmund/-/sigmund-1.0.1.tgz",
      "integrity": "sha512-fCvEXfh6NWpm+YSuY2bpXb/VIihqWA6hLsgboC+0nl71Q7N7o2eaCW8mJa/NLvQhs6jpd3VZV4UiUQlV6+lc8g==",
      "dev": true,
      "license": "ISC"
    },
    "node_modules/sink": {
      "version": "0.1.1",
      "resolved": "https://registry.npmjs.org/sink/-/sink-0.1.1.tgz",
      "integrity": "sha512-g/vsHOyRcQlXawmCBLpyGPx99RyoWP3h8E76cibgY5bbHqOcc7Y8DMYdSWaAks/7e7dZgN76R3QxAJcdCnPU2A==",
      "dev": true,
      "engines": {
        "coffee-script": ">= 0.9.2",
        "node": ">=0.1.99"
      }
    },
    "node_modules/sinon": {
      "version": "1.17.7",
      "resolved": "https://registry.npmjs.org/sinon/-/sinon-1.17.7.tgz",
      "integrity": "sha512-M9rtyQxKfcTTdB64rpPSRaTzOvunb+HHPv/3PxvNPrEDnFSny95Pi6/3VoD471ody0ay0IHyzT3BErfcLXj6NA==",
      "deprecated": "16.1.1",
      "dev": true,
      "license": "BSD-3-Clause",
      "dependencies": {
        "formatio": "1.1.1",
        "lolex": "1.3.2",
        "samsam": "1.1.2",
        "util": ">=0.10.3 <1"
      },
      "engines": {
        "node": ">=0.1.103"
      }
    },
    "node_modules/sinon-chai": {
      "version": "2.14.0",
      "resolved": "https://registry.npmjs.org/sinon-chai/-/sinon-chai-2.14.0.tgz",
      "integrity": "sha512-9stIF1utB0ywNHNT7RgiXbdmen8QDCRsrTjw+G9TgKt1Yexjiv8TOWZ6WHsTPz57Yky3DIswZvEqX8fpuHNDtQ==",
      "dev": true,
      "license": "(BSD-2-Clause OR WTFPL)",
      "peerDependencies": {
        "chai": ">=1.9.2 <5",
        "sinon": "^1.4.0 || ^2.1.0 || ^3.0.0 || ^4.0.0"
      }
    },
    "node_modules/string_decoder": {
      "version": "0.10.31",
      "resolved": "https://registry.npmjs.org/string_decoder/-/string_decoder-0.10.31.tgz",
      "integrity": "sha512-ev2QzSzWPYmy9GuqfIVildA4OdcGLeFZQrq5ys6RtiuF+RQQiZWr8TZNyAcuVXyQRYfEO+MsoB/1BuQVhOJuoQ==",
      "dev": true,
      "license": "MIT"
    },
    "node_modules/supports-color": {
      "version": "1.2.0",
      "resolved": "https://registry.npmjs.org/supports-color/-/supports-color-1.2.0.tgz",
      "integrity": "sha512-mS5xsnjTh5b7f2DM6bch6lR582UCOTphzINlZnDsfpIRrwI6r58rb6YSSGsdexkm8qw2bBVO2ID2fnJOTuLiPA==",
      "dev": true,
      "license": "MIT",
      "bin": {
        "supports-color": "cli.js"
      },
      "engines": {
        "node": ">=0.10.0"
      }
    },
    "node_modules/to-iso-string": {
      "version": "0.0.2",
      "resolved": "https://registry.npmjs.org/to-iso-string/-/to-iso-string-0.0.2.tgz",
      "integrity": "sha512-oeHLgfWA7d0CPQa6h0+i5DAJZISz5un0d5SHPkw+Untclcvzv9T+AC3CvGXlZJdOlIbxbTfyyzlqCXc5hjpXYg==",
      "deprecated": "to-iso-string has been deprecated, use @segment/to-iso-string instead.",
      "dev": true,
      "license": "MIT"
    },
    "node_modules/type-detect": {
      "version": "0.1.1",
      "resolved": "https://registry.npmjs.org/type-detect/-/type-detect-0.1.1.tgz",
      "integrity": "sha512-5rqszGVwYgBoDkIm2oUtvkfZMQ0vk29iDMU0W2qCa3rG0vPDNczCMT4hV/bLBgLg8k8ri6+u3Zbt+S/14eMzlA==",
      "dev": true,
      "license": "MIT",
      "engines": {
        "node": "*"
      }
    },
    "node_modules/underscore": {
      "version": "1.13.7",
      "resolved": "https://registry.npmjs.org/underscore/-/underscore-1.13.7.tgz",
      "integrity": "sha512-GMXzWtsc57XAtguZgaQViUOzs0KTkk8ojr3/xAxXLITqf/3EMwxC0inyETfDFjH/Krbhuep0HNbbjI9i/q3F3g==",
      "dev": true,
      "license": "MIT"
    },
    "node_modules/util": {
      "version": "0.12.5",
      "resolved": "https://registry.npmjs.org/util/-/util-0.12.5.tgz",
      "integrity": "sha512-kZf/K6hEIrWHI6XqOFUiiMa+79wE/D8Q+NCNAWclkyg3b4d2k7s0QGepNjiABc+aR3N1PAyHL7p6UcLY6LmrnA==",
      "dev": true,
      "license": "MIT",
      "dependencies": {
        "inherits": "^2.0.3",
        "is-arguments": "^1.0.4",
        "is-generator-function": "^1.0.7",
        "is-typed-array": "^1.1.3",
        "which-typed-array": "^1.1.2"
      }
    },
    "node_modules/utila": {
      "version": "0.4.0",
      "resolved": "https://registry.npmjs.org/utila/-/utila-0.4.0.tgz",
      "integrity": "sha512-Z0DbgELS9/L/75wZbro8xAnT50pBVFQZ+hUEueGDU5FN51YSCYM+jdxsfCiHjwNP/4LCDD0i/graKpeBnOXKRA==",
      "license": "MIT"
    },
    "node_modules/which-typed-array": {
      "version": "1.1.18",
      "resolved": "https://registry.npmjs.org/which-typed-array/-/which-typed-array-1.1.18.tgz",
      "integrity": "sha512-qEcY+KJYlWyLH9vNbsr6/5j59AXk5ni5aakf8ldzBvGde6Iz4sxZGkJyWSAueTG7QhOvNRYb1lDdFmL5Td0QKA==",
      "dev": true,
      "license": "MIT",
      "dependencies": {
        "available-typed-arrays": "^1.0.7",
        "call-bind": "^1.0.8",
        "call-bound": "^1.0.3",
        "for-each": "^0.3.3",
        "gopd": "^1.2.0",
        "has-tostringtag": "^1.0.2"
      },
      "engines": {
        "node": ">= 0.4"
      },
      "funding": {
        "url": "https://github.com/sponsors/ljharb"
      }
    }
  }
}
